
Microsoft Visual Studio Solution File, Format Version 12.00
# Visual Studio Version 16
VisualStudioVersion = 16.0.30804.86
MinimumVisualStudioVersion = 10.0.40219.1
Project("{FAE04EC0-301F-11D3-BF4B-00C04F79EFBC}") = "WebAPI", "WebAPI\WebAPI.csproj", "{73A1D604-1EDA-4582-85AC-C578AE049CFF}"
EndProject
Project("{FAE04EC0-301F-11D3-BF4B-00C04F79EFBC}") = "Boca_danut_lab12.Android", "Boca_danut_lab12\Boca_danut_lab12.Android\Boca_danut_lab12.Android.csproj", "{82EBFEF9-ABBE-44A1-837B-DED48292CF2F}"
EndProject
Project("{FAE04EC0-301F-11D3-BF4B-00C04F79EFBC}") = "Boca_danut_lab12.iOS", "Boca_danut_lab12\Boca_danut_lab12.iOS\Boca_danut_lab12.iOS.csproj", "{31A50182-104E-4CE6-A8AF-E4DE43E07DE0}"
EndProject
Project("{FAE04EC0-301F-11D3-BF4B-00C04F79EFBC}") = "Boca_danut_lab12", "Boca_danut_lab12\Boca_danut_lab12\Boca_danut_lab12.csproj", "{37C7FD3B-74BD-4255-A598-517D639BA957}"
EndProject
Global
	GlobalSection(SolutionConfigurationPlatforms) = preSolution
		Debug|Any CPU = Debug|Any CPU
		Debug|iPhone = Debug|iPhone
		Debug|iPhoneSimulator = Debug|iPhoneSimulator
		Release|Any CPU = Release|Any CPU
		Release|iPhone = Release|iPhone
		Release|iPhoneSimulator = Release|iPhoneSimulator
	EndGlobalSection
	GlobalSection(ProjectConfigurationPlatforms) = postSolution
		{73A1D604-1EDA-4582-85AC-C578AE049CFF}.Debug|Any CPU.ActiveCfg = Debug|Any CPU
		{73A1D604-1EDA-4582-85AC-C578AE049CFF}.Debug|Any CPU.Build.0 = Debug|Any CPU
		{73A1D604-1EDA-4582-85AC-C578AE049CFF}.Debug|iPhone.ActiveCfg = Debug|Any CPU
		{73A1D604-1EDA-4582-85AC-C578AE049CFF}.Debug|iPhone.Build.0 = Debug|Any CPU
		{73A1D604-1EDA-4582-85AC-C578AE049CFF}.Debug|iPhoneSimulator.ActiveCfg = Debug|Any CPU
		{73A1D604-1EDA-4582-85AC-C578AE049CFF}.Debug|iPhoneSimulator.Build.0 = Debug|Any CPU
		{73A1D604-1EDA-4582-85AC-C578AE049CFF}.Release|Any CPU.ActiveCfg = Release|Any CPU
		{73A1D604-1EDA-4582-85AC-C578AE049CFF}.Release|Any CPU.Build.0 = Release|Any CPU
		{73A1D604-1EDA-4582-85AC-C578AE049CFF}.Release|iPhone.ActiveCfg = Release|Any CPU
		{73A1D604-1EDA-4582-85AC-C578AE049CFF}.Release|iPhone.Build.0 = Release|Any CPU
		{73A1D604-1EDA-4582-85AC-C578AE049CFF}.Release|iPhoneSimulator.ActiveCfg = Release|Any CPU
		{73A1D604-1EDA-4582-85AC-C578AE049CFF}.Release|iPhoneSimulator.Build.0 = Release|Any CPU
		{82EBFEF9-ABBE-44A1-837B-DED48292CF2F}.Debug|Any CPU.ActiveCfg = Debug|Any CPU
		{82EBFEF9-ABBE-44A1-837B-DED48292CF2F}.Debug|Any CPU.Build.0 = Debug|Any CPU
		{82EBFEF9-ABBE-44A1-837B-DED48292CF2F}.Debug|Any CPU.Deploy.0 = Debug|Any CPU
		{82EBFEF9-ABBE-44A1-837B-DED48292CF2F}.Debug|iPhone.ActiveCfg = Debug|Any CPU
		{82EBFEF9-ABBE-44A1-837B-DED48292CF2F}.Debug|iPhone.Build.0 = Debug|Any CPU
		{82EBFEF9-ABBE-44A1-837B-DED48292CF2F}.Debug|iPhone.Deploy.0 = Debug|Any CPU
		{82EBFEF9-ABBE-44A1-837B-DED48292CF2F}.Debug|iPhoneSimulator.ActiveCfg = Debug|Any CPU
		{82EBFEF9-ABBE-44A1-837B-DED48292CF2F}.Debug|iPhoneSimulator.Build.0 = Debug|Any CPU
		{82EBFEF9-ABBE-44A1-837B-DED48292CF2F}.Debug|iPhoneSimulator.Deploy.0 = Debug|Any CPU
		{82EBFEF9-ABBE-44A1-837B-DED48292CF2F}.Release|Any CPU.ActiveCfg = Release|Any CPU
		{82EBFEF9-ABBE-44A1-837B-DED48292CF2F}.Release|Any CPU.Build.0 = Release|Any CPU
		{82EBFEF9-ABBE-44A1-837B-DED48292CF2F}.Release|Any CPU.Deploy.0 = Release|Any CPU
		{82EBFEF9-ABBE-44A1-837B-DED48292CF2F}.Release|iPhone.ActiveCfg = Release|Any CPU
		{82EBFEF9-ABBE-44A1-837B-DED48292CF2F}.Release|iPhone.Build.0 = Release|Any CPU
		{82EBFEF9-ABBE-44A1-837B-DED48292CF2F}.Release|iPhone.Deploy.0 = Release|Any CPU
		{82EBFEF9-ABBE-44A1-837B-DED48292CF2F}.Release|iPhoneSimulator.ActiveCfg = Release|Any CPU
		{82EBFEF9-ABBE-44A1-837B-DED48292CF2F}.Release|iPhoneSimulator.Build.0 = Release|Any CPU
		{82EBFEF9-ABBE-44A1-837B-DED48292CF2F}.Release|iPhoneSimulator.Deploy.0 = Release|Any CPU
		{31A50182-104E-4CE6-A8AF-E4DE43E07DE0}.Debug|Any CPU.ActiveCfg = Debug|iPhoneSimulator
		{31A50182-104E-4CE6-A8AF-E4DE43E07DE0}.Debug|iPhone.ActiveCfg = Debug|iPhone
		{31A50182-104E-4CE6-A8AF-E4DE43E07DE0}.Debug|iPhone.Build.0 = Debug|iPhone
		{31A50182-104E-4CE6-A8AF-E4DE43E07DE0}.Debug|iPhoneSimulator.ActiveCfg = Debug|iPhoneSimulator
		{31A50182-104E-4CE6-A8AF-E4DE43E07DE0}.Debug|iPhoneSimulator.Build.0 = Debug|iPhoneSimulator
		{31A50182-104E-4CE6-A8AF-E4DE43E07DE0}.Release|Any CPU.ActiveCfg = Release|iPhoneSimulator
		{31A50182-104E-4CE6-A8AF-E4DE43E07DE0}.Release|iPhone.ActiveCfg = Release|iPhone
		{31A50182-104E-4CE6-A8AF-E4DE43E07DE0}.Release|iPhone.Build.0 = Release|iPhone
		{31A50182-104E-4CE6-A8AF-E4DE43E07DE0}.Release|iPhoneSimulator.ActiveCfg = Release|iPhoneSimulator
		{31A50182-104E-4CE6-A8AF-E4DE43E07DE0}.Release|iPhoneSimulator.Build.0 = Release|iPhoneSimulator
		{37C7FD3B-74BD-4255-A598-517D639BA957}.Debug|Any CPU.ActiveCfg = Debug|Any CPU
		{37C7FD3B-74BD-4255-A598-517D639BA957}.Debug|Any CPU.Build.0 = Debug|Any CPU
		{37C7FD3B-74BD-4255-A598-517D639BA957}.Debug|iPhone.ActiveCfg = Debug|Any CPU
		{37C7FD3B-74BD-4255-A598-517D639BA957}.Debug|iPhone.Build.0 = Debug|Any CPU
		{37C7FD3B-74BD-4255-A598-517D639BA957}.Debug|iPhoneSimulator.ActiveCfg = Debug|Any CPU
		{37C7FD3B-74BD-4255-A598-517D639BA957}.Debug|iPhoneSimulator.Build.0 = Debug|Any CPU
		{37C7FD3B-74BD-4255-A598-517D639BA957}.Release|Any CPU.ActiveCfg = Release|Any CPU
		{37C7FD3B-74BD-4255-A598-517D639BA957}.Release|Any CPU.Build.0 = Release|Any CPU
		{37C7FD3B-74BD-4255-A598-517D639BA957}.Release|iPhone.ActiveCfg = Release|Any CPU
		{37C7FD3B-74BD-4255-A598-517D639BA957}.Release|iPhone.Build.0 = Release|Any CPU
		{37C7FD3B-74BD-4255-A598-517D639BA957}.Release|iPhoneSimulator.ActiveCfg = Release|Any CPU
		{37C7FD3B-74BD-4255-A598-517D639BA957}.Release|iPhoneSimulator.Build.0 = Release|Any CPU
	EndGlobalSection
	GlobalSection(SolutionProperties) = preSolution
		HideSolutionNode = FALSE
	EndGlobalSection
	GlobalSection(ExtensibilityGlobals) = postSolution
		SolutionGuid = {E67D0A98-B147-451D-B60E-6AE324300500}
	EndGlobalSection
EndGlobal
